
Microsoft Visual Studio Solution File, Format Version 12.00
# Visual Studio Version 17
VisualStudioVersion = 17.1.32210.238
MinimumVisualStudioVersion = 10.0.40219.1
Project("{FAE04EC0-301F-11D3-BF4B-00C04F79EFBC}") = "WebApiExercise", "WebApiExercise\WebApiExercise.csproj", "{AA5D6AA5-E8AE-47BB-BFC4-4420C579A665}"
EndProject
Global
	GlobalSection(SolutionConfigurationPlatforms) = preSolution
		Debug|Any CPU = Debug|Any CPU
		Release|Any CPU = Release|Any CPU
	EndGlobalSection
	GlobalSection(ProjectConfigurationPlatforms) = postSolution
		{AA5D6AA5-E8AE-47BB-BFC4-4420C579A665}.Debug|Any CPU.ActiveCfg = Debug|Any CPU
		{AA5D6AA5-E8AE-47BB-BFC4-4420C579A665}.Debug|Any CPU.Build.0 = Debug|Any CPU
		{AA5D6AA5-E8AE-47BB-BFC4-4420C579A665}.Release|Any CPU.ActiveCfg = Release|Any CPU
		{AA5D6AA5-E8AE-47BB-BFC4-4420C579A665}.Release|Any CPU.Build.0 = Release|Any CPU
	EndGlobalSection
	GlobalSection(SolutionProperties) = preSolution
		HideSolutionNode = FALSE
	EndGlobalSection
	GlobalSection(ExtensibilityGlobals) = postSolution
		SolutionGuid = {963F3396-6813-4F18-A8DF-0413CEFA2D98}
	EndGlobalSection
EndGlobal
