
Microsoft Visual Studio Solution File, Format Version 12.00
# Visual Studio Version 17
VisualStudioVersion = 17.1.32210.238
MinimumVisualStudioVersion = 10.0.40219.1
Project("{FAE04EC0-301F-11D3-BF4B-00C04F79EFBC}") = "WebAPiEF_school4", "WebAPiEF_school4\WebAPiEF_school4.csproj", "{DE93A8AC-66B0-4BCB-98F6-A72DA795AD8A}"
EndProject
Global
	GlobalSection(SolutionConfigurationPlatforms) = preSolution
		Debug|Any CPU = Debug|Any CPU
		Release|Any CPU = Release|Any CPU
	EndGlobalSection
	GlobalSection(ProjectConfigurationPlatforms) = postSolution
		{DE93A8AC-66B0-4BCB-98F6-A72DA795AD8A}.Debug|Any CPU.ActiveCfg = Debug|Any CPU
		{DE93A8AC-66B0-4BCB-98F6-A72DA795AD8A}.Debug|Any CPU.Build.0 = Debug|Any CPU
		{DE93A8AC-66B0-4BCB-98F6-A72DA795AD8A}.Release|Any CPU.ActiveCfg = Release|Any CPU
		{DE93A8AC-66B0-4BCB-98F6-A72DA795AD8A}.Release|Any CPU.Build.0 = Release|Any CPU
	EndGlobalSection
	GlobalSection(SolutionProperties) = preSolution
		HideSolutionNode = FALSE
	EndGlobalSection
	GlobalSection(ExtensibilityGlobals) = postSolution
		SolutionGuid = {791A77C1-69E4-4B12-B090-A5D6C1BFB70D}
	EndGlobalSection
EndGlobal
